
Microsoft Visual Studio Solution File, Format Version 12.00
# Visual Studio Version 17
VisualStudioVersion = 17.7.34031.279
MinimumVisualStudioVersion = 10.0.40219.1
Project("{FAE04EC0-301F-11D3-BF4B-00C04F79EFBC}") = "NewsPortal", "NewsPortal\NewsPortal.csproj", "{3463B9BC-50E4-43BC-A053-5EFC3DAEA374}"
EndProject
Global
	GlobalSection(SolutionConfigurationPlatforms) = preSolution
		Debug|Any CPU = Debug|Any CPU
		Release|Any CPU = Release|Any CPU
	EndGlobalSection
	GlobalSection(ProjectConfigurationPlatforms) = postSolution
		{3463B9BC-50E4-43BC-A053-5EFC3DAEA374}.Debug|Any CPU.ActiveCfg = Debug|Any CPU
		{3463B9BC-50E4-43BC-A053-5EFC3DAEA374}.Debug|Any CPU.Build.0 = Debug|Any CPU
		{3463B9BC-50E4-43BC-A053-5EFC3DAEA374}.Release|Any CPU.ActiveCfg = Release|Any CPU
		{3463B9BC-50E4-43BC-A053-5EFC3DAEA374}.Release|Any CPU.Build.0 = Release|Any CPU
	EndGlobalSection
	GlobalSection(SolutionProperties) = preSolution
		HideSolutionNode = FALSE
	EndGlobalSection
	GlobalSection(ExtensibilityGlobals) = postSolution
		SolutionGuid = {92415AA3-4660-4ECC-AE94-E524DDDA16A8}
	EndGlobalSection
EndGlobal
